
Microsoft Visual Studio Solution File, Format Version 12.00
# Visual Studio Version 16
VisualStudioVersion = 16.0.30907.101
MinimumVisualStudioVersion = 10.0.40219.1
Project("{9A19103F-16F7-4668-BE54-9A1E7A4F7556}") = "Entities", "Entities\Entities.csproj", "{EB3E30FA-035E-438A-8872-37ADF474EE41}"
EndProject
Project("{9A19103F-16F7-4668-BE54-9A1E7A4F7556}") = "DataAccess", "DataAccess\DataAccess.csproj", "{BD736ED4-201E-4C96-AD27-2BD4D945B1DC}"
EndProject
Project("{9A19103F-16F7-4668-BE54-9A1E7A4F7556}") = "Business", "Business\Business.csproj", "{B19F171E-4AEF-4509-BC7C-3E3DC2E5A750}"
EndProject
Project("{9A19103F-16F7-4668-BE54-9A1E7A4F7556}") = "Core", "Core\Core.csproj", "{294125E2-78F2-4D69-A634-3E833275D0A5}"
EndProject
Global
	GlobalSection(SolutionConfigurationPlatforms) = preSolution
		Debug|Any CPU = Debug|Any CPU
		Release|Any CPU = Release|Any CPU
	EndGlobalSection
	GlobalSection(ProjectConfigurationPlatforms) = postSolution
		{EB3E30FA-035E-438A-8872-37ADF474EE41}.Debug|Any CPU.ActiveCfg = Debug|Any CPU
		{EB3E30FA-035E-438A-8872-37ADF474EE41}.Debug|Any CPU.Build.0 = Debug|Any CPU
		{EB3E30FA-035E-438A-8872-37ADF474EE41}.Release|Any CPU.ActiveCfg = Release|Any CPU
		{EB3E30FA-035E-438A-8872-37ADF474EE41}.Release|Any CPU.Build.0 = Release|Any CPU
		{BD736ED4-201E-4C96-AD27-2BD4D945B1DC}.Debug|Any CPU.ActiveCfg = Debug|Any CPU
		{BD736ED4-201E-4C96-AD27-2BD4D945B1DC}.Debug|Any CPU.Build.0 = Debug|Any CPU
		{BD736ED4-201E-4C96-AD27-2BD4D945B1DC}.Release|Any CPU.ActiveCfg = Release|Any CPU
		{BD736ED4-201E-4C96-AD27-2BD4D945B1DC}.Release|Any CPU.Build.0 = Release|Any CPU
		{B19F171E-4AEF-4509-BC7C-3E3DC2E5A750}.Debug|Any CPU.ActiveCfg = Debug|Any CPU
		{B19F171E-4AEF-4509-BC7C-3E3DC2E5A750}.Debug|Any CPU.Build.0 = Debug|Any CPU
		{B19F171E-4AEF-4509-BC7C-3E3DC2E5A750}.Release|Any CPU.ActiveCfg = Release|Any CPU
		{B19F171E-4AEF-4509-BC7C-3E3DC2E5A750}.Release|Any CPU.Build.0 = Release|Any CPU
		{294125E2-78F2-4D69-A634-3E833275D0A5}.Debug|Any CPU.ActiveCfg = Debug|Any CPU
		{294125E2-78F2-4D69-A634-3E833275D0A5}.Debug|Any CPU.Build.0 = Debug|Any CPU
		{294125E2-78F2-4D69-A634-3E833275D0A5}.Release|Any CPU.ActiveCfg = Release|Any CPU
		{294125E2-78F2-4D69-A634-3E833275D0A5}.Release|Any CPU.Build.0 = Release|Any CPU
	EndGlobalSection
	GlobalSection(SolutionProperties) = preSolution
		HideSolutionNode = FALSE
	EndGlobalSection
	GlobalSection(ExtensibilityGlobals) = postSolution
		SolutionGuid = {1D4F2D3F-CF99-4971-9727-0EFB065CBAF9}
	EndGlobalSection
EndGlobal
